
Microsoft Visual Studio Solution File, Format Version 12.00
# Visual Studio Version 17
VisualStudioVersion = 17.10.35013.160
MinimumVisualStudioVersion = 10.0.40219.1
Project("{9A19103F-16F7-4668-BE54-9A1E7A4F7556}") = "Common", "Common\Common.csproj", "{B7E97493-23EB-4E73-A2D2-8457C37D6E4F}"
EndProject
Project("{9A19103F-16F7-4668-BE54-9A1E7A4F7556}") = "Picking", "Picking\Picking.csproj", "{25B7A676-87F0-41DD-9E2D-AAA29DB50FD5}"
EndProject
Project("{9A19103F-16F7-4668-BE54-9A1E7A4F7556}") = "SharedResourcesLibrary", "SharedResources\SharedResourcesLibrary.csproj", "{A3ED62BA-98EC-4A1E-A8AE-C099E63E8937}"
EndProject
Project("{9A19103F-16F7-4668-BE54-9A1E7A4F7556}") = "MainMenu", "MainMenu\MainMenu.csproj", "{488C851D-B8A1-4E6A-BAF7-91DF727AE0DE}"
EndProject
Project("{FAE04EC0-301F-11D3-BF4B-00C04F79EFBC}") = "FinishControl", "FinishControl\FinishControl.csproj", "{CE667518-CF4C-493E-A059-25D6275BA98F}"
EndProject
Global
	GlobalSection(SolutionConfigurationPlatforms) = preSolution
		Debug|Any CPU = Debug|Any CPU
		Release|Any CPU = Release|Any CPU
	EndGlobalSection
	GlobalSection(ProjectConfigurationPlatforms) = postSolution
		{B7E97493-23EB-4E73-A2D2-8457C37D6E4F}.Debug|Any CPU.ActiveCfg = Debug|Any CPU
		{B7E97493-23EB-4E73-A2D2-8457C37D6E4F}.Debug|Any CPU.Build.0 = Debug|Any CPU
		{B7E97493-23EB-4E73-A2D2-8457C37D6E4F}.Release|Any CPU.ActiveCfg = Release|Any CPU
		{B7E97493-23EB-4E73-A2D2-8457C37D6E4F}.Release|Any CPU.Build.0 = Release|Any CPU
		{25B7A676-87F0-41DD-9E2D-AAA29DB50FD5}.Debug|Any CPU.ActiveCfg = Debug|Any CPU
		{25B7A676-87F0-41DD-9E2D-AAA29DB50FD5}.Debug|Any CPU.Build.0 = Debug|Any CPU
		{25B7A676-87F0-41DD-9E2D-AAA29DB50FD5}.Release|Any CPU.ActiveCfg = Release|Any CPU
		{25B7A676-87F0-41DD-9E2D-AAA29DB50FD5}.Release|Any CPU.Build.0 = Release|Any CPU
		{A3ED62BA-98EC-4A1E-A8AE-C099E63E8937}.Debug|Any CPU.ActiveCfg = Debug|Any CPU
		{A3ED62BA-98EC-4A1E-A8AE-C099E63E8937}.Debug|Any CPU.Build.0 = Debug|Any CPU
		{A3ED62BA-98EC-4A1E-A8AE-C099E63E8937}.Release|Any CPU.ActiveCfg = Release|Any CPU
		{A3ED62BA-98EC-4A1E-A8AE-C099E63E8937}.Release|Any CPU.Build.0 = Release|Any CPU
		{488C851D-B8A1-4E6A-BAF7-91DF727AE0DE}.Debug|Any CPU.ActiveCfg = Debug|Any CPU
		{488C851D-B8A1-4E6A-BAF7-91DF727AE0DE}.Debug|Any CPU.Build.0 = Debug|Any CPU
		{488C851D-B8A1-4E6A-BAF7-91DF727AE0DE}.Release|Any CPU.ActiveCfg = Release|Any CPU
		{488C851D-B8A1-4E6A-BAF7-91DF727AE0DE}.Release|Any CPU.Build.0 = Release|Any CPU
		{CE667518-CF4C-493E-A059-25D6275BA98F}.Debug|Any CPU.ActiveCfg = Debug|Any CPU
		{CE667518-CF4C-493E-A059-25D6275BA98F}.Debug|Any CPU.Build.0 = Debug|Any CPU
		{CE667518-CF4C-493E-A059-25D6275BA98F}.Release|Any CPU.ActiveCfg = Release|Any CPU
		{CE667518-CF4C-493E-A059-25D6275BA98F}.Release|Any CPU.Build.0 = Release|Any CPU
	EndGlobalSection
	GlobalSection(SolutionProperties) = preSolution
		HideSolutionNode = FALSE
	EndGlobalSection
	GlobalSection(ExtensibilityGlobals) = postSolution
		SolutionGuid = {04086E7C-8976-4C54-AEDE-0196316E0CCE}
	EndGlobalSection
EndGlobal
